// !$*UTF8*$!
{
	archiveVersion = 1;
	classes = {
	};
	objectVersion = 50;
	objects = {

/* Begin PBXBuildFile section */
		1FF32BCC2109EFAE0042744D /* AppDelegate.swift in Sources */ = {isa = PBXBuildFile; fileRef = 1FF32BCB2109EFAE0042744D /* AppDelegate.swift */; };
		1FF32BD32109EFAF0042744D /* Assets.xcassets in Resources */ = {isa = PBXBuildFile; fileRef = 1FF32BD22109EFAF0042744D /* Assets.xcassets */; };
		1FF32BD62109EFAF0042744D /* LaunchScreen.storyboard in Resources */ = {isa = PBXBuildFile; fileRef = 1FF32BD42109EFAF0042744D /* LaunchScreen.storyboard */; };
		1FF32BDF2109F05E0042744D /* Station.swift in Sources */ = {isa = PBXBuildFile; fileRef = 1FF32BDE2109F05E0042744D /* Station.swift */; };
		1FF32BE12109F0730042744D /* Track.swift in Sources */ = {isa = PBXBuildFile; fileRef = 1FF32BE02109F0730042744D /* Track.swift */; };
		1FF32BE32109F0890042744D /* FileWork.swift in Sources */ = {isa = PBXBuildFile; fileRef = 1FF32BE22109F0890042744D /* FileWork.swift */; };
		1FF32BE52109F0AE0042744D /* stations.json in Resources */ = {isa = PBXBuildFile; fileRef = 1FF32BE42109F0AE0042744D /* stations.json */; };
		1FF32BEC2109F1170042744D /* MainViewController.swift in Sources */ = {isa = PBXBuildFile; fileRef = 1FF32BEA2109F1170042744D /* MainViewController.swift */; };
		1FF32BED2109F1170042744D /* MainViewController.xib in Resources */ = {isa = PBXBuildFile; fileRef = 1FF32BEB2109F1170042744D /* MainViewController.xib */; };
		1FF32BF12109F1530042744D /* TableViewCell.swift in Sources */ = {isa = PBXBuildFile; fileRef = 1FF32BEF2109F1530042744D /* TableViewCell.swift */; };
		1FF32BF22109F1530042744D /* TableViewCell.xib in Resources */ = {isa = PBXBuildFile; fileRef = 1FF32BF02109F1530042744D /* TableViewCell.xib */; };
		1FF32BF62109F2580042744D /* FRadioPlayer.swift in Sources */ = {isa = PBXBuildFile; fileRef = 1FF32BF32109F2580042744D /* FRadioPlayer.swift */; };
		1FF32BF72109F2580042744D /* Reachability.swift in Sources */ = {isa = PBXBuildFile; fileRef = 1FF32BF42109F2580042744D /* Reachability.swift */; };
		1FF32BF82109F2580042744D /* FRadioAPI.swift in Sources */ = {isa = PBXBuildFile; fileRef = 1FF32BF52109F2580042744D /* FRadioAPI.swift */; };
		1FF32BFB2109FC190042744D /* ImageLoader.swift in Sources */ = {isa = PBXBuildFile; fileRef = 1FF32BFA2109FC190042744D /* ImageLoader.swift */; };
		1FF32BFE210A1CBE0042744D /* README.txt in Resources */ = {isa = PBXBuildFile; fileRef = 1FF32BFD210A1CBE0042744D /* README.txt */; };
/* End PBXBuildFile section */

/* Begin PBXFileReference section */
		1FF32BC82109EFAE0042744D /* MyRadio.app */ = {isa = PBXFileReference; explicitFileType = wrapper.application; includeInIndex = 0; path = MyRadio.app; sourceTree = BUILT_PRODUCTS_DIR; };
		1FF32BCB2109EFAE0042744D /* AppDelegate.swift */ = {isa = PBXFileReference; lastKnownFileType = sourcecode.swift; path = AppDelegate.swift; sourceTree = "<group>"; };
		1FF32BD22109EFAF0042744D /* Assets.xcassets */ = {isa = PBXFileReference; lastKnownFileType = folder.assetcatalog; path = Assets.xcassets; sourceTree = "<group>"; };
		1FF32BD52109EFAF0042744D /* Base */ = {isa = PBXFileReference; lastKnownFileType = file.storyboard; name = Base; path = Base.lproj/LaunchScreen.storyboard; sourceTree = "<group>"; };
		1FF32BD72109EFAF0042744D /* Info.plist */ = {isa = PBXFileReference; lastKnownFileType = text.plist.xml; path = Info.plist; sourceTree = "<group>"; };
		1FF32BDE2109F05E0042744D /* Station.swift */ = {isa = PBXFileReference; lastKnownFileType = sourcecode.swift; path = Station.swift; sourceTree = "<group>"; };
		1FF32BE02109F0730042744D /* Track.swift */ = {isa = PBXFileReference; lastKnownFileType = sourcecode.swift; path = Track.swift; sourceTree = "<group>"; };
		1FF32BE22109F0890042744D /* FileWork.swift */ = {isa = PBXFileReference; lastKnownFileType = sourcecode.swift; path = FileWork.swift; sourceTree = "<group>"; };
		1FF32BE42109F0AE0042744D /* stations.json */ = {isa = PBXFileReference; lastKnownFileType = text.json; path = stations.json; sourceTree = "<group>"; };
		1FF32BEA2109F1170042744D /* MainViewController.swift */ = {isa = PBXFileReference; lastKnownFileType = sourcecode.swift; path = MainViewController.swift; sourceTree = "<group>"; };
		1FF32BEB2109F1170042744D /* MainViewController.xib */ = {isa = PBXFileReference; lastKnownFileType = file.xib; path = MainViewController.xib; sourceTree = "<group>"; };
		1FF32BEF2109F1530042744D /* TableViewCell.swift */ = {isa = PBXFileReference; lastKnownFileType = sourcecode.swift; path = TableViewCell.swift; sourceTree = "<group>"; };
		1FF32BF02109F1530042744D /* TableViewCell.xib */ = {isa = PBXFileReference; lastKnownFileType = file.xib; path = TableViewCell.xib; sourceTree = "<group>"; };
		1FF32BF32109F2580042744D /* FRadioPlayer.swift */ = {isa = PBXFileReference; fileEncoding = 4; lastKnownFileType = sourcecode.swift; path = FRadioPlayer.swift; sourceTree = "<group>"; };
		1FF32BF42109F2580042744D /* Reachability.swift */ = {isa = PBXFileReference; fileEncoding = 4; lastKnownFileType = sourcecode.swift; path = Reachability.swift; sourceTree = "<group>"; };
		1FF32BF52109F2580042744D /* FRadioAPI.swift */ = {isa = PBXFileReference; fileEncoding = 4; lastKnownFileType = sourcecode.swift; path = FRadioAPI.swift; sourceTree = "<group>"; };
		1FF32BFA2109FC190042744D /* ImageLoader.swift */ = {isa = PBXFileReference; fileEncoding = 4; lastKnownFileType = sourcecode.swift; path = ImageLoader.swift; sourceTree = "<group>"; };
		1FF32BFD210A1CBE0042744D /* README.txt */ = {isa = PBXFileReference; lastKnownFileType = text; path = README.txt; sourceTree = "<group>"; };
/* End PBXFileReference section */

/* Begin PBXFrameworksBuildPhase section */
		1FF32BC52109EFAE0042744D /* Frameworks */ = {
			isa = PBXFrameworksBuildPhase;
			buildActionMask = 2147483647;
			files = (
			);
			runOnlyForDeploymentPostprocessing = 0;
		};
/* End PBXFrameworksBuildPhase section */

/* Begin PBXGroup section */
		1FF32BBF2109EFAE0042744D = {
			isa = PBXGroup;
			children = (
				1FF32BFD210A1CBE0042744D /* README.txt */,
				1FF32BCA2109EFAE0042744D /* MyRadio */,
				1FF32BC92109EFAE0042744D /* Products */,
			);
			sourceTree = "<group>";
		};
		1FF32BC92109EFAE0042744D /* Products */ = {
			isa = PBXGroup;
			children = (
				1FF32BC82109EFAE0042744D /* MyRadio.app */,
			);
			name = Products;
			sourceTree = "<group>";
		};
		1FF32BCA2109EFAE0042744D /* MyRadio */ = {
			isa = PBXGroup;
			children = (
				1FF32BF92109FBF20042744D /* libs */,
				1FF32BEE2109F1450042744D /* Cell */,
				1FF32BE92109F1060042744D /* Main */,
				1FF32BE72109F0DF0042744D /* FRadio */,
				1FF32BDD2109F03D0042744D /* Model */,
				1FF32BCB2109EFAE0042744D /* AppDelegate.swift */,
				1FF32BD22109EFAF0042744D /* Assets.xcassets */,
				1FF32BD42109EFAF0042744D /* LaunchScreen.storyboard */,
				1FF32BD72109EFAF0042744D /* Info.plist */,
				1FF32BE42109F0AE0042744D /* stations.json */,
			);
			path = MyRadio;
			sourceTree = "<group>";
		};
		1FF32BDD2109F03D0042744D /* Model */ = {
			isa = PBXGroup;
			children = (
				1FF32BDE2109F05E0042744D /* Station.swift */,
				1FF32BE02109F0730042744D /* Track.swift */,
				1FF32BE22109F0890042744D /* FileWork.swift */,
			);
			path = Model;
			sourceTree = "<group>";
		};
		1FF32BE72109F0DF0042744D /* FRadio */ = {
			isa = PBXGroup;
			children = (
				1FF32BF52109F2580042744D /* FRadioAPI.swift */,
				1FF32BF32109F2580042744D /* FRadioPlayer.swift */,
				1FF32BF42109F2580042744D /* Reachability.swift */,
			);
			path = FRadio;
			sourceTree = "<group>";
		};
		1FF32BE92109F1060042744D /* Main */ = {
			isa = PBXGroup;
			children = (
				1FF32BEA2109F1170042744D /* MainViewController.swift */,
				1FF32BEB2109F1170042744D /* MainViewController.xib */,
			);
			path = Main;
			sourceTree = "<group>";
		};
		1FF32BEE2109F1450042744D /* Cell */ = {
			isa = PBXGroup;
			children = (
				1FF32BEF2109F1530042744D /* TableViewCell.swift */,
				1FF32BF02109F1530042744D /* TableViewCell.xib */,
			);
			path = Cell;
			sourceTree = "<group>";
		};
		1FF32BF92109FBF20042744D /* libs */ = {
			isa = PBXGroup;
			children = (
				1FF32BFA2109FC190042744D /* ImageLoader.swift */,
			);
			path = libs;
			sourceTree = "<group>";
		};
/* End PBXGroup section */

/* Begin PBXNativeTarget section */
		1FF32BC72109EFAE0042744D /* MyRadio */ = {
			isa = PBXNativeTarget;
			buildConfigurationList = 1FF32BDA2109EFAF0042744D /* Build configuration list for PBXNativeTarget "MyRadio" */;
			buildPhases = (
				1FF32BC42109EFAE0042744D /* Sources */,
				1FF32BC52109EFAE0042744D /* Frameworks */,
				1FF32BC62109EFAE0042744D /* Resources */,
			);
			buildRules = (
			);
			dependencies = (
			);
			name = MyRadio;
			productName = MyRadio;
			productReference = 1FF32BC82109EFAE0042744D /* MyRadio.app */;
			productType = "com.apple.product-type.application";
		};
/* End PBXNativeTarget section */

/* Begin PBXProject section */
		1FF32BC02109EFAE0042744D /* Project object */ = {
			isa = PBXProject;
			attributes = {
				LastSwiftUpdateCheck = 0940;
				LastUpgradeCheck = 0940;
				ORGANIZATIONNAME = Sid;
				TargetAttributes = {
					1FF32BC72109EFAE0042744D = {
						CreatedOnToolsVersion = 9.4.1;
						SystemCapabilities = {
							com.apple.BackgroundModes = {
								enabled = 1;
							};
							com.apple.DataProtection = {
								enabled = 0;
							};
						};
					};
				};
			};
			buildConfigurationList = 1FF32BC32109EFAE0042744D /* Build configuration list for PBXProject "MyRadio" */;
			compatibilityVersion = "Xcode 9.3";
			developmentRegion = en;
			hasScannedForEncodings = 0;
			knownRegions = (
				en,
				Base,
			);
			mainGroup = 1FF32BBF2109EFAE0042744D;
			productRefGroup = 1FF32BC92109EFAE0042744D /* Products */;
			projectDirPath = "";
			projectRoot = "";
			targets = (
				1FF32BC72109EFAE0042744D /* MyRadio */,
			);
		};
/* End PBXProject section */

/* Begin PBXResourcesBuildPhase section */
		1FF32BC62109EFAE0042744D /* Resources */ = {
			isa = PBXResourcesBuildPhase;
			buildActionMask = 2147483647;
			files = (
				1FF32BE52109F0AE0042744D /* stations.json in Resources */,
				1FF32BF22109F1530042744D /* TableViewCell.xib in Resources */,
				1FF32BD62109EFAF0042744D /* LaunchScreen.storyboard in Resources */,
				1FF32BD32109EFAF0042744D /* Assets.xcassets in Resources */,
				1FF32BFE210A1CBE0042744D /* README.txt in Resources */,
				1FF32BED2109F1170042744D /* MainViewController.xib in Resources */,
			);
			runOnlyForDeploymentPostprocessing = 0;
		};
/* End PBXResourcesBuildPhase section */

/* Begin PBXSourcesBuildPhase section */
		1FF32BC42109EFAE0042744D /* Sources */ = {
			isa = PBXSourcesBuildPhase;
			buildActionMask = 2147483647;
			files = (
				1FF32BE32109F0890042744D /* FileWork.swift in Sources */,
				1FF32BDF2109F05E0042744D /* Station.swift in Sources */,
				1FF32BFB2109FC190042744D /* ImageLoader.swift in Sources */,
				1FF32BF82109F2580042744D /* FRadioAPI.swift in Sources */,
				1FF32BCC2109EFAE0042744D /* AppDelegate.swift in Sources */,
				1FF32BF12109F1530042744D /* TableViewCell.swift in Sources */,
				1FF32BE12109F0730042744D /* Track.swift in Sources */,
				1FF32BEC2109F1170042744D /* MainViewController.swift in Sources */,
				1FF32BF72109F2580042744D /* Reachability.swift in Sources */,
				1FF32BF62109F2580042744D /* FRadioPlayer.swift in Sources */,
			);
			runOnlyForDeploymentPostprocessing = 0;
		};
/* End PBXSourcesBuildPhase section */

/* Begin PBXVariantGroup section */
		1FF32BD42109EFAF0042744D /* LaunchScreen.storyboard */ = {
			isa = PBXVariantGroup;
			children = (
				1FF32BD52109EFAF0042744D /* Base */,
			);
			name = LaunchScreen.storyboard;
			sourceTree = "<group>";
		};
/* End PBXVariantGroup section */

/* Begin XCBuildConfiguration section */
		1FF32BD82109EFAF0042744D /* Debug */ = {
			isa = XCBuildConfiguration;
			buildSettings = {
				ALWAYS_SEARCH_USER_PATHS = NO;
				CLANG_ANALYZER_NONNULL = YES;
				CLANG_ANALYZER_NUMBER_OBJECT_CONVERSION = YES_AGGRESSIVE;
				CLANG_CXX_LANGUAGE_STANDARD = "gnu++14";
				CLANG_CXX_LIBRARY = "libc++";
				CLANG_ENABLE_MODULES = YES;
				CLANG_ENABLE_OBJC_ARC = YES;
				CLANG_ENABLE_OBJC_WEAK = YES;
				CLANG_WARN_BLOCK_CAPTURE_AUTORELEASING = YES;
				CLANG_WARN_BOOL_CONVERSION = YES;
				CLANG_WARN_COMMA = YES;
				CLANG_WARN_CONSTANT_CONVERSION = YES;
				CLANG_WARN_DEPRECATED_OBJC_IMPLEMENTATIONS = YES;
				CLANG_WARN_DIRECT_OBJC_ISA_USAGE = YES_ERROR;
				CLANG_WARN_DOCUMENTATION_COMMENTS = YES;
				CLANG_WARN_EMPTY_BODY = YES;
				CLANG_WARN_ENUM_CONVERSION = YES;
				CLANG_WARN_INFINITE_RECURSION = YES;
				CLANG_WARN_INT_CONVERSION = YES;
				CLANG_WARN_NON_LITERAL_NULL_CONVERSION = YES;
				CLANG_WARN_OBJC_IMPLICIT_RETAIN_SELF = YES;
				CLANG_WARN_OBJC_LITERAL_CONVERSION = YES;
				CLANG_WARN_OBJC_ROOT_CLASS = YES_ERROR;
				CLANG_WARN_RANGE_LOOP_ANALYSIS = YES;
				CLANG_WARN_STRICT_PROTOTYPES = YES;
				CLANG_WARN_SUSPICIOUS_MOVE = YES;
				CLANG_WARN_UNGUARDED_AVAILABILITY = YES_AGGRESSIVE;
				CLANG_WARN_UNREACHABLE_CODE = YES;
				CLANG_WARN__DUPLICATE_METHOD_MATCH = YES;
				CODE_SIGN_IDENTITY = "iPhone Developer";
				COPY_PHASE_STRIP = NO;
				DEBUG_INFORMATION_FORMAT = dwarf;
				ENABLE_STRICT_OBJC_MSGSEND = YES;
				ENABLE_TESTABILITY = YES;
				GCC_C_LANGUAGE_STANDARD = gnu11;
				GCC_DYNAMIC_NO_PIC = NO;
				GCC_NO_COMMON_BLOCKS = YES;
				GCC_OPTIMIZATION_LEVEL = 0;
				GCC_PREPROCESSOR_DEFINITIONS = (
					"DEBUG=1",
					"$(inherited)",
				);
				GCC_WARN_64_TO_32_BIT_CONVERSION = YES;
				GCC_WARN_ABOUT_RETURN_TYPE = YES_ERROR;
				GCC_WARN_UNDECLARED_SELECTOR = YES;
				GCC_WARN_UNINITIALIZED_AUTOS = YES_AGGRESSIVE;
				GCC_WARN_UNUSED_FUNCTION = YES;
				GCC_WARN_UNUSED_VARIABLE = YES;
				IPHONEOS_DEPLOYMENT_TARGET = 11.4;
				MTL_ENABLE_DEBUG_INFO = YES;
				ONLY_ACTIVE_ARCH = YES;
				SDKROOT = iphoneos;
				SWIFT_ACTIVE_COMPILATION_CONDITIONS = DEBUG;
				SWIFT_OPTIMIZATION_LEVEL = "-Onone";
			};
			name = Debug;
		};
		1FF32BD92109EFAF0042744D /* Release */ = {
			isa = XCBuildConfiguration;
			buildSettings = {
				ALWAYS_SEARCH_USER_PATHS = NO;
				CLANG_ANALYZER_NONNULL = YES;
				CLANG_ANALYZER_NUMBER_OBJECT_CONVERSION = YES_AGGRESSIVE;
				CLANG_CXX_LANGUAGE_STANDARD = "gnu++14";
				CLANG_CXX_LIBRARY = "libc++";
				CLANG_ENABLE_MODULES = YES;
				CLANG_ENABLE_OBJC_ARC = YES;
				CLANG_ENABLE_OBJC_WEAK = YES;
				CLANG_WARN_BLOCK_CAPTURE_AUTORELEASING = YES;
				CLANG_WARN_BOOL_CONVERSION = YES;
				CLANG_WARN_COMMA = YES;
				CLANG_WARN_CONSTANT_CONVERSION = YES;
				CLANG_WARN_DEPRECATED_OBJC_IMPLEMENTATIONS = YES;
				CLANG_WARN_DIRECT_OBJC_ISA_USAGE = YES_ERROR;
				CLANG_WARN_DOCUMENTATION_COMMENTS = YES;
				CLANG_WARN_EMPTY_BODY = YES;
				CLANG_WARN_ENUM_CONVERSION = YES;
				CLANG_WARN_INFINITE_RECURSION = YES;
				CLANG_WARN_INT_CONVERSION = YES;
				CLANG_WARN_NON_LITERAL_NULL_CONVERSION = YES;
				CLANG_WARN_OBJC_IMPLICIT_RETAIN_SELF = YES;
				CLANG_WARN_OBJC_LITERAL_CONVERSION = YES;
				CLANG_WARN_OBJC_ROOT_CLASS = YES_ERROR;
				CLANG_WARN_RANGE_LOOP_ANALYSIS = YES;
				CLANG_WARN_STRICT_PROTOTYPES = YES;
				CLANG_WARN_SUSPICIOUS_MOVE = YES;
				CLANG_WARN_UNGUARDED_AVAILABILITY = YES_AGGRESSIVE;
				CLANG_WARN_UNREACHABLE_CODE = YES;
				CLANG_WARN__DUPLICATE_METHOD_MATCH = YES;
				CODE_SIGN_IDENTITY = "iPhone Developer";
				COPY_PHASE_STRIP = NO;
				DEBUG_INFORMATION_FORMAT = "dwarf-with-dsym";
				ENABLE_NS_ASSERTIONS = NO;
				ENABLE_STRICT_OBJC_MSGSEND = YES;
				GCC_C_LANGUAGE_STANDARD = gnu11;
				GCC_NO_COMMON_BLOCKS = YES;
				GCC_WARN_64_TO_32_BIT_CONVERSION = YES;
				GCC_WARN_ABOUT_RETURN_TYPE = YES_ERROR;
				GCC_WARN_UNDECLARED_SELECTOR = YES;
				GCC_WARN_UNINITIALIZED_AUTOS = YES_AGGRESSIVE;
				GCC_WARN_UNUSED_FUNCTION = YES;
				GCC_WARN_UNUSED_VARIABLE = YES;
				IPHONEOS_DEPLOYMENT_TARGET = 11.4;
				MTL_ENABLE_DEBUG_INFO = NO;
				SDKROOT = iphoneos;
				SWIFT_COMPILATION_MODE = wholemodule;
				SWIFT_OPTIMIZATION_LEVEL = "-O";
				VALIDATE_PRODUCT = YES;
			};
			name = Release;
		};
		1FF32BDB2109EFAF0042744D /* Debug */ = {
			isa = XCBuildConfiguration;
			buildSettings = {
				ASSETCATALOG_COMPILER_APPICON_NAME = AppIcon;
				CODE_SIGN_STYLE = Automatic;
				DEVELOPMENT_TEAM = 535YHG8TAY;
				INFOPLIST_FILE = MyRadio/Info.plist;
				LD_RUNPATH_SEARCH_PATHS = (
					"$(inherited)",
					"@executable_path/Frameworks",
				);
				PRODUCT_BUNDLE_IDENTIFIER = Company.MyRadio;
				PRODUCT_NAME = "$(TARGET_NAME)";
				SWIFT_VERSION = 4.0;
				TARGETED_DEVICE_FAMILY = "1,2";
			};
			name = Debug;
		};
		1FF32BDC2109EFAF0042744D /* Release */ = {
			isa = XCBuildConfiguration;
			buildSettings = {
				ASSETCATALOG_COMPILER_APPICON_NAME = AppIcon;
				CODE_SIGN_STYLE = Automatic;
				DEVELOPMENT_TEAM = 535YHG8TAY;
				INFOPLIST_FILE = MyRadio/Info.plist;
				LD_RUNPATH_SEARCH_PATHS = (
					"$(inherited)",
					"@executable_path/Frameworks",
				);
				PRODUCT_BUNDLE_IDENTIFIER = Company.MyRadio;
				PRODUCT_NAME = "$(TARGET_NAME)";
				SWIFT_VERSION = 4.0;
				TARGETED_DEVICE_FAMILY = "1,2";
			};
			name = Release;
		};
/* End XCBuildConfiguration section */

/* Begin XCConfigurationList section */
		1FF32BC32109EFAE0042744D /* Build configuration list for PBXProject "MyRadio" */ = {
			isa = XCConfigurationList;
			buildConfigurations = (
				1FF32BD82109EFAF0042744D /* Debug */,
				1FF32BD92109EFAF0042744D /* Release */,
			);
			defaultConfigurationIsVisible = 0;
			defaultConfigurationName = Release;
		};
		1FF32BDA2109EFAF0042744D /* Build configuration list for PBXNativeTarget "MyRadio" */ = {
			isa = XCConfigurationList;
			buildConfigurations = (
				1FF32BDB2109EFAF0042744D /* Debug */,
				1FF32BDC2109EFAF0042744D /* Release */,
			);
			defaultConfigurationIsVisible = 0;
			defaultConfigurationName = Release;
		};
/* End XCConfigurationList section */
	};
	rootObject = 1FF32BC02109EFAE0042744D /* Project object */;
}
